{
  "version": 4,
  "terraform_version": "1.1.0",
  "serial": 407,
  "lineage": "f8ce0d4c-7fd2-16b8-4bba-fca8fb0c519c",
  "outputs": {},
  "resources": [
    {
      "module": "module.east.module.db",
      "mode": "managed",
      "type": "aws_db_subnet_group",
      "name": "rentsite-db-sg",
      "provider": "module.east.provider[\"registry.terraform.io/hashicorp/aws\"]",
      "instances": [
        {
          "schema_version": 0,
          "attributes": {
            "arn": "arn:aws:rds:us-east-2:731001383937:subgrp:rentsite-db-sg",
            "description": "Managed by Terraform",
            "id": "rentsite-db-sg",
            "name": "rentsite-db-sg",
            "name_prefix": null,
            "subnet_ids": [
              "subnet-028aa992d066de517",
              "subnet-09c998fdd3583485f",
              "subnet-0c4c37f98744da62c"
            ],
            "tags": {
              "Name": "rentsite-db-sg"
            },
            "tags_all": {
              "Name": "rentsite-db-sg"
            }
          },
          "sensitive_attributes": [],
          "private": "bnVsbA==",
          "dependencies": [
            "module.east.module.db.module.network.aws_subnet.rentsite-public-subnet",
            "module.east.module.db.module.network.aws_vpc.rentsite-vpc",
            "module.east.module.db.module.network.data.aws_availability_zones.available",
            "module.east.module.db.module.network.data.aws_region.current"
          ]
        }
      ]
    },
    {
      "module": "module.east.module.db",
      "mode": "managed",
      "type": "aws_rds_cluster",
      "name": "rentsite-db",
      "provider": "module.east.provider[\"registry.terraform.io/hashicorp/aws\"]",
      "instances": [
        {
          "schema_version": 0,
          "attributes": {
            "allocated_storage": 1,
            "allow_major_version_upgrade": null,
            "apply_immediately": null,
            "arn": "arn:aws:rds:us-east-2:731001383937:cluster:rentsite-db",
            "availability_zones": [
              "us-east-2a",
              "us-east-2b",
              "us-east-2c"
            ],
            "backtrack_window": 0,
            "backup_retention_period": 1,
            "cluster_identifier": "rentsite-db",
            "cluster_identifier_prefix": null,
            "cluster_members": [],
            "cluster_resource_id": "cluster-WSNJ2GWWT6JAWJKSYAZVEWXRSU",
            "copy_tags_to_snapshot": false,
            "database_name": "rentsite",
            "db_cluster_instance_class": "",
            "db_cluster_parameter_group_name": "default.aurora-postgresql10",
            "db_instance_parameter_group_name": null,
            "db_subnet_group_name": "rentsite-db-sg",
            "deletion_protection": false,
            "enable_global_write_forwarding": false,
            "enable_http_endpoint": false,
            "enabled_cloudwatch_logs_exports": null,
            "endpoint": "rentsite-db.cluster-cfg7r5uuoism.us-east-2.rds.amazonaws.com",
            "engine": "aurora-postgresql",
            "engine_mode": "serverless",
            "engine_version": "10.18",
            "engine_version_actual": "10.18",
            "final_snapshot_identifier": "rentsite",
            "global_cluster_identifier": "",
            "hosted_zone_id": "Z2XHWR1WZ565X2",
            "iam_database_authentication_enabled": false,
            "iam_roles": [],
            "id": "rentsite-db",
            "iops": 0,
            "kms_key_id": "arn:aws:kms:us-east-2:731001383937:key/93e01709-1943-45c6-bc2d-b73ae5ba6fa5",
            "master_password": "rentsite",
            "master_username": "rentsite",
            "port": 5432,
            "preferred_backup_window": "10:18-10:48",
            "preferred_maintenance_window": "sat:03:11-sat:03:41",
            "reader_endpoint": "",
            "replication_source_identifier": "",
            "restore_to_point_in_time": [],
            "s3_import": [],
            "scaling_configuration": [
              {
                "auto_pause": true,
                "max_capacity": 8,
                "min_capacity": 2,
                "seconds_until_auto_pause": 300,
                "timeout_action": "RollbackCapacityChange"
              }
            ],
            "serverlessv2_scaling_configuration": [],
            "skip_final_snapshot": false,
            "snapshot_identifier": null,
            "source_region": null,
            "storage_encrypted": true,
            "storage_type": "",
            "tags": null,
            "tags_all": {},
            "timeouts": null,
            "vpc_security_group_ids": [
              "sg-08898744367d748fa"
            ]
          },
          "sensitive_attributes": [],
          "private": "eyJlMmJmYjczMC1lY2FhLTExZTYtOGY4OC0zNDM2M2JjN2M0YzAiOnsiY3JlYXRlIjo3MjAwMDAwMDAwMDAwLCJkZWxldGUiOjcyMDAwMDAwMDAwMDAsInVwZGF0ZSI6NzIwMDAwMDAwMDAwMH19",
          "dependencies": [
            "module.east.module.db.aws_db_subnet_group.rentsite-db-sg"
          ]
        }
      ]
    },
    {
      "module": "module.east.module.db.module.network",
      "mode": "data",
      "type": "aws_availability_zones",
      "name": "available",
      "provider": "module.east.provider[\"registry.terraform.io/hashicorp/aws\"]",
      "instances": [
        {
          "schema_version": 0,
          "attributes": {
            "all_availability_zones": null,
            "exclude_names": null,
            "exclude_zone_ids": null,
            "filter": null,
            "group_names": [
              "us-east-2"
            ],
            "id": "us-east-2",
            "names": [
              "us-east-2a",
              "us-east-2b",
              "us-east-2c"
            ],
            "state": "available",
            "zone_ids": [
              "use2-az1",
              "use2-az2",
              "use2-az3"
            ]
          },
          "sensitive_attributes": []
        }
      ]
    },
    {
      "module": "module.east.module.db.module.network",
      "mode": "data",
      "type": "aws_region",
      "name": "current",
      "provider": "module.east.provider[\"registry.terraform.io/hashicorp/aws\"]",
      "instances": [
        {
          "schema_version": 0,
          "attributes": {
            "description": "US East (Ohio)",
            "endpoint": "ec2.us-east-2.amazonaws.com",
            "id": "us-east-2",
            "name": "us-east-2"
          },
          "sensitive_attributes": []
        }
      ]
    },
    {
      "module": "module.east.module.db.module.network",
      "mode": "managed",
      "type": "aws_internet_gateway",
      "name": "rentsite-ig",
      "provider": "module.east.provider[\"registry.terraform.io/hashicorp/aws\"]",
      "instances": [
        {
          "schema_version": 0,
          "attributes": {
            "arn": "arn:aws:ec2:us-east-2:731001383937:internet-gateway/igw-054975ccf542c0c9a",
            "id": "igw-054975ccf542c0c9a",
            "owner_id": "731001383937",
            "tags": {
              "Name": "rentsite-ig"
            },
            "tags_all": {
              "Name": "rentsite-ig"
            },
            "vpc_id": "vpc-02d6fbcfd7dfc6a95"
          },
          "sensitive_attributes": [],
          "private": "bnVsbA==",
          "dependencies": [
            "module.east.module.db.module.network.aws_vpc.rentsite-vpc",
            "module.east.module.db.module.network.data.aws_region.current"
          ]
        }
      ]
    },
    {
      "module": "module.east.module.db.module.network",
      "mode": "managed",
      "type": "aws_subnet",
      "name": "rentsite-public-subnet",
      "provider": "module.east.provider[\"registry.terraform.io/hashicorp/aws\"]",
      "instances": [
        {
          "index_key": 0,
          "schema_version": 1,
          "attributes": {
            "arn": "arn:aws:ec2:us-east-2:731001383937:subnet/subnet-028aa992d066de517",
            "assign_ipv6_address_on_creation": false,
            "availability_zone": "us-east-2a",
            "availability_zone_id": "use2-az1",
            "cidr_block": "10.20.10.0/24",
            "customer_owned_ipv4_pool": "",
            "enable_dns64": false,
            "enable_resource_name_dns_a_record_on_launch": false,
            "enable_resource_name_dns_aaaa_record_on_launch": false,
            "id": "subnet-028aa992d066de517",
            "ipv6_cidr_block": "",
            "ipv6_cidr_block_association_id": "",
            "ipv6_native": false,
            "map_customer_owned_ip_on_launch": false,
            "map_public_ip_on_launch": true,
            "outpost_arn": "",
            "owner_id": "731001383937",
            "private_dns_hostname_type_on_launch": "ip-name",
            "tags": {
              "Name": "rentsite-public-subnet"
            },
            "tags_all": {
              "Name": "rentsite-public-subnet"
            },
            "timeouts": null,
            "vpc_id": "vpc-02d6fbcfd7dfc6a95"
          },
          "sensitive_attributes": [],
          "private": "eyJlMmJmYjczMC1lY2FhLTExZTYtOGY4OC0zNDM2M2JjN2M0YzAiOnsiY3JlYXRlIjo2MDAwMDAwMDAwMDAsImRlbGV0ZSI6MTIwMDAwMDAwMDAwMH0sInNjaGVtYV92ZXJzaW9uIjoiMSJ9",
          "dependencies": [
            "module.east.module.db.module.network.aws_vpc.rentsite-vpc",
            "module.east.module.db.module.network.data.aws_availability_zones.available",
            "module.east.module.db.module.network.data.aws_region.current"
          ]
        },
        {
          "index_key": 1,
          "schema_version": 1,
          "attributes": {
            "arn": "arn:aws:ec2:us-east-2:731001383937:subnet/subnet-0c4c37f98744da62c",
            "assign_ipv6_address_on_creation": false,
            "availability_zone": "us-east-2b",
            "availability_zone_id": "use2-az2",
            "cidr_block": "10.20.11.0/24",
            "customer_owned_ipv4_pool": "",
            "enable_dns64": false,
            "enable_resource_name_dns_a_record_on_launch": false,
            "enable_resource_name_dns_aaaa_record_on_launch": false,
            "id": "subnet-0c4c37f98744da62c",
            "ipv6_cidr_block": "",
            "ipv6_cidr_block_association_id": "",
            "ipv6_native": false,
            "map_customer_owned_ip_on_launch": false,
            "map_public_ip_on_launch": true,
            "outpost_arn": "",
            "owner_id": "731001383937",
            "private_dns_hostname_type_on_launch": "ip-name",
            "tags": {
              "Name": "rentsite-public-subnet"
            },
            "tags_all": {
              "Name": "rentsite-public-subnet"
            },
            "timeouts": null,
            "vpc_id": "vpc-02d6fbcfd7dfc6a95"
          },
          "sensitive_attributes": [],
          "private": "eyJlMmJmYjczMC1lY2FhLTExZTYtOGY4OC0zNDM2M2JjN2M0YzAiOnsiY3JlYXRlIjo2MDAwMDAwMDAwMDAsImRlbGV0ZSI6MTIwMDAwMDAwMDAwMH0sInNjaGVtYV92ZXJzaW9uIjoiMSJ9",
          "dependencies": [
            "module.east.module.db.module.network.data.aws_region.current",
            "module.east.module.db.module.network.aws_vpc.rentsite-vpc",
            "module.east.module.db.module.network.data.aws_availability_zones.available"
          ]
        },
        {
          "index_key": 2,
          "schema_version": 1,
          "attributes": {
            "arn": "arn:aws:ec2:us-east-2:731001383937:subnet/subnet-09c998fdd3583485f",
            "assign_ipv6_address_on_creation": false,
            "availability_zone": "us-east-2c",
            "availability_zone_id": "use2-az3",
            "cidr_block": "10.20.12.0/24",
            "customer_owned_ipv4_pool": "",
            "enable_dns64": false,
            "enable_resource_name_dns_a_record_on_launch": false,
            "enable_resource_name_dns_aaaa_record_on_launch": false,
            "id": "subnet-09c998fdd3583485f",
            "ipv6_cidr_block": "",
            "ipv6_cidr_block_association_id": "",
            "ipv6_native": false,
            "map_customer_owned_ip_on_launch": false,
            "map_public_ip_on_launch": true,
            "outpost_arn": "",
            "owner_id": "731001383937",
            "private_dns_hostname_type_on_launch": "ip-name",
            "tags": {
              "Name": "rentsite-public-subnet"
            },
            "tags_all": {
              "Name": "rentsite-public-subnet"
            },
            "timeouts": null,
            "vpc_id": "vpc-02d6fbcfd7dfc6a95"
          },
          "sensitive_attributes": [],
          "private": "eyJlMmJmYjczMC1lY2FhLTExZTYtOGY4OC0zNDM2M2JjN2M0YzAiOnsiY3JlYXRlIjo2MDAwMDAwMDAwMDAsImRlbGV0ZSI6MTIwMDAwMDAwMDAwMH0sInNjaGVtYV92ZXJzaW9uIjoiMSJ9",
          "dependencies": [
            "module.east.module.db.module.network.aws_vpc.rentsite-vpc",
            "module.east.module.db.module.network.data.aws_availability_zones.available",
            "module.east.module.db.module.network.data.aws_region.current"
          ]
        }
      ]
    },
    {
      "module": "module.east.module.db.module.network",
      "mode": "managed",
      "type": "aws_vpc",
      "name": "rentsite-vpc",
      "provider": "module.east.provider[\"registry.terraform.io/hashicorp/aws\"]",
      "instances": [
        {
          "schema_version": 1,
          "attributes": {
            "arn": "arn:aws:ec2:us-east-2:731001383937:vpc/vpc-02d6fbcfd7dfc6a95",
            "assign_generated_ipv6_cidr_block": false,
            "cidr_block": "10.20.0.0/16",
            "default_network_acl_id": "acl-0559c49ed610bab26",
            "default_route_table_id": "rtb-0857d64c903bdf83a",
            "default_security_group_id": "sg-08898744367d748fa",
            "dhcp_options_id": "dopt-a89a67c3",
            "enable_classiclink": false,
            "enable_classiclink_dns_support": false,
            "enable_dns_hostnames": true,
            "enable_dns_support": true,
            "id": "vpc-02d6fbcfd7dfc6a95",
            "instance_tenancy": "default",
            "ipv4_ipam_pool_id": null,
            "ipv4_netmask_length": null,
            "ipv6_association_id": "",
            "ipv6_cidr_block": "",
            "ipv6_cidr_block_network_border_group": "",
            "ipv6_ipam_pool_id": "",
            "ipv6_netmask_length": 0,
            "main_route_table_id": "rtb-0857d64c903bdf83a",
            "owner_id": "731001383937",
            "tags": {
              "Name": "rentsite-vpc-us-east-2"
            },
            "tags_all": {
              "Name": "rentsite-vpc-us-east-2"
            }
          },
          "sensitive_attributes": [],
          "private": "eyJzY2hlbWFfdmVyc2lvbiI6IjEifQ==",
          "dependencies": [
            "module.east.module.db.module.network.data.aws_region.current"
          ]
        }
      ]
    },
    {
      "module": "module.west.module.db",
      "mode": "managed",
      "type": "aws_db_subnet_group",
      "name": "rentsite-db-sg",
      "provider": "module.west.provider[\"registry.terraform.io/hashicorp/aws\"]",
      "instances": [
        {
          "schema_version": 0,
          "attributes": {
            "arn": "arn:aws:rds:us-west-2:731001383937:subgrp:rentsite-db-sg",
            "description": "Managed by Terraform",
            "id": "rentsite-db-sg",
            "name": "rentsite-db-sg",
            "name_prefix": null,
            "subnet_ids": [
              "subnet-01f03d381facc7974",
              "subnet-05d11509ca946d811",
              "subnet-07e6aba5899ea7408",
              "subnet-0d129a084eb8b2a8e"
            ],
            "tags": {
              "Name": "rentsite-db-sg"
            },
            "tags_all": {
              "Name": "rentsite-db-sg"
            }
          },
          "sensitive_attributes": [],
          "private": "bnVsbA==",
          "dependencies": [
            "module.west.module.db.module.network.aws_subnet.rentsite-public-subnet",
            "module.west.module.db.module.network.aws_vpc.rentsite-vpc",
            "module.west.module.db.module.network.data.aws_availability_zones.available",
            "module.west.module.db.module.network.data.aws_region.current"
          ]
        }
      ]
    },
    {
      "module": "module.west.module.db",
      "mode": "managed",
      "type": "aws_rds_cluster",
      "name": "rentsite-db",
      "provider": "module.west.provider[\"registry.terraform.io/hashicorp/aws\"]",
      "instances": [
        {
          "schema_version": 0,
          "attributes": {
            "allocated_storage": 1,
            "allow_major_version_upgrade": null,
            "apply_immediately": null,
            "arn": "arn:aws:rds:us-west-2:731001383937:cluster:rentsite-db",
            "availability_zones": [
              "us-west-2a",
              "us-west-2b",
              "us-west-2c"
            ],
            "backtrack_window": 0,
            "backup_retention_period": 1,
            "cluster_identifier": "rentsite-db",
            "cluster_identifier_prefix": null,
            "cluster_members": [],
            "cluster_resource_id": "cluster-TL5GRA6JXAOUVT6QUDXEVBM4O4",
            "copy_tags_to_snapshot": false,
            "database_name": "rentsite",
            "db_cluster_instance_class": "",
            "db_cluster_parameter_group_name": "default.aurora-postgresql10",
            "db_instance_parameter_group_name": null,
            "db_subnet_group_name": "rentsite-db-sg",
            "deletion_protection": false,
            "enable_global_write_forwarding": false,
            "enable_http_endpoint": false,
            "enabled_cloudwatch_logs_exports": null,
            "endpoint": "rentsite-db.cluster-cz87o7ol26wq.us-west-2.rds.amazonaws.com",
            "engine": "aurora-postgresql",
            "engine_mode": "serverless",
            "engine_version": "10.18",
            "engine_version_actual": "10.18",
            "final_snapshot_identifier": "rentsite",
            "global_cluster_identifier": "",
            "hosted_zone_id": "Z1PVIF0B656C1W",
            "iam_database_authentication_enabled": false,
            "iam_roles": [],
            "id": "rentsite-db",
            "iops": 0,
            "kms_key_id": "arn:aws:kms:us-west-2:731001383937:key/192b14ae-7d7a-47c4-b236-3ae60ce920f4",
            "master_password": "rentsite",
            "master_username": "rentsite",
            "port": 5432,
            "preferred_backup_window": "10:12-10:42",
            "preferred_maintenance_window": "fri:06:37-fri:07:07",
            "reader_endpoint": "",
            "replication_source_identifier": "",
            "restore_to_point_in_time": [],
            "s3_import": [],
            "scaling_configuration": [
              {
                "auto_pause": true,
                "max_capacity": 8,
                "min_capacity": 2,
                "seconds_until_auto_pause": 300,
                "timeout_action": "RollbackCapacityChange"
              }
            ],
            "serverlessv2_scaling_configuration": [],
            "skip_final_snapshot": false,
            "snapshot_identifier": null,
            "source_region": null,
            "storage_encrypted": true,
            "storage_type": "",
            "tags": null,
            "tags_all": {},
            "timeouts": null,
            "vpc_security_group_ids": [
              "sg-0fefadb798c1f67e8"
            ]
          },
          "sensitive_attributes": [],
          "private": "eyJlMmJmYjczMC1lY2FhLTExZTYtOGY4OC0zNDM2M2JjN2M0YzAiOnsiY3JlYXRlIjo3MjAwMDAwMDAwMDAwLCJkZWxldGUiOjcyMDAwMDAwMDAwMDAsInVwZGF0ZSI6NzIwMDAwMDAwMDAwMH19",
          "dependencies": [
            "module.west.module.db.aws_db_subnet_group.rentsite-db-sg"
          ]
        }
      ]
    },
    {
      "module": "module.west.module.db.module.network",
      "mode": "data",
      "type": "aws_availability_zones",
      "name": "available",
      "provider": "module.west.provider[\"registry.terraform.io/hashicorp/aws\"]",
      "instances": [
        {
          "schema_version": 0,
          "attributes": {
            "all_availability_zones": null,
            "exclude_names": null,
            "exclude_zone_ids": null,
            "filter": null,
            "group_names": [
              "us-west-2"
            ],
            "id": "us-west-2",
            "names": [
              "us-west-2a",
              "us-west-2b",
              "us-west-2c",
              "us-west-2d"
            ],
            "state": "available",
            "zone_ids": [
              "usw2-az2",
              "usw2-az1",
              "usw2-az3",
              "usw2-az4"
            ]
          },
          "sensitive_attributes": []
        }
      ]
    },
    {
      "module": "module.west.module.db.module.network",
      "mode": "data",
      "type": "aws_region",
      "name": "current",
      "provider": "module.west.provider[\"registry.terraform.io/hashicorp/aws\"]",
      "instances": [
        {
          "schema_version": 0,
          "attributes": {
            "description": "US West (Oregon)",
            "endpoint": "ec2.us-west-2.amazonaws.com",
            "id": "us-west-2",
            "name": "us-west-2"
          },
          "sensitive_attributes": []
        }
      ]
    },
    {
      "module": "module.west.module.db.module.network",
      "mode": "managed",
      "type": "aws_internet_gateway",
      "name": "rentsite-ig",
      "provider": "module.west.provider[\"registry.terraform.io/hashicorp/aws\"]",
      "instances": [
        {
          "schema_version": 0,
          "attributes": {
            "arn": "arn:aws:ec2:us-west-2:731001383937:internet-gateway/igw-03a091c361af27cd6",
            "id": "igw-03a091c361af27cd6",
            "owner_id": "731001383937",
            "tags": {
              "Name": "rentsite-ig"
            },
            "tags_all": {
              "Name": "rentsite-ig"
            },
            "vpc_id": "vpc-06987afd77a7b98be"
          },
          "sensitive_attributes": [],
          "private": "bnVsbA==",
          "dependencies": [
            "module.west.module.db.module.network.aws_vpc.rentsite-vpc",
            "module.west.module.db.module.network.data.aws_region.current"
          ]
        }
      ]
    },
    {
      "module": "module.west.module.db.module.network",
      "mode": "managed",
      "type": "aws_subnet",
      "name": "rentsite-public-subnet",
      "provider": "module.west.provider[\"registry.terraform.io/hashicorp/aws\"]",
      "instances": [
        {
          "index_key": 0,
          "schema_version": 1,
          "attributes": {
            "arn": "arn:aws:ec2:us-west-2:731001383937:subnet/subnet-0d129a084eb8b2a8e",
            "assign_ipv6_address_on_creation": false,
            "availability_zone": "us-west-2a",
            "availability_zone_id": "usw2-az2",
            "cidr_block": "10.20.10.0/24",
            "customer_owned_ipv4_pool": "",
            "enable_dns64": false,
            "enable_resource_name_dns_a_record_on_launch": false,
            "enable_resource_name_dns_aaaa_record_on_launch": false,
            "id": "subnet-0d129a084eb8b2a8e",
            "ipv6_cidr_block": "",
            "ipv6_cidr_block_association_id": "",
            "ipv6_native": false,
            "map_customer_owned_ip_on_launch": false,
            "map_public_ip_on_launch": true,
            "outpost_arn": "",
            "owner_id": "731001383937",
            "private_dns_hostname_type_on_launch": "ip-name",
            "tags": {
              "Name": "rentsite-public-subnet"
            },
            "tags_all": {
              "Name": "rentsite-public-subnet"
            },
            "timeouts": null,
            "vpc_id": "vpc-06987afd77a7b98be"
          },
          "sensitive_attributes": [],
          "private": "eyJlMmJmYjczMC1lY2FhLTExZTYtOGY4OC0zNDM2M2JjN2M0YzAiOnsiY3JlYXRlIjo2MDAwMDAwMDAwMDAsImRlbGV0ZSI6MTIwMDAwMDAwMDAwMH0sInNjaGVtYV92ZXJzaW9uIjoiMSJ9",
          "dependencies": [
            "module.west.module.db.module.network.data.aws_availability_zones.available",
            "module.west.module.db.module.network.data.aws_region.current",
            "module.west.module.db.module.network.aws_vpc.rentsite-vpc"
          ]
        },
        {
          "index_key": 1,
          "schema_version": 1,
          "attributes": {
            "arn": "arn:aws:ec2:us-west-2:731001383937:subnet/subnet-07e6aba5899ea7408",
            "assign_ipv6_address_on_creation": false,
            "availability_zone": "us-west-2b",
            "availability_zone_id": "usw2-az1",
            "cidr_block": "10.20.11.0/24",
            "customer_owned_ipv4_pool": "",
            "enable_dns64": false,
            "enable_resource_name_dns_a_record_on_launch": false,
            "enable_resource_name_dns_aaaa_record_on_launch": false,
            "id": "subnet-07e6aba5899ea7408",
            "ipv6_cidr_block": "",
            "ipv6_cidr_block_association_id": "",
            "ipv6_native": false,
            "map_customer_owned_ip_on_launch": false,
            "map_public_ip_on_launch": true,
            "outpost_arn": "",
            "owner_id": "731001383937",
            "private_dns_hostname_type_on_launch": "ip-name",
            "tags": {
              "Name": "rentsite-public-subnet"
            },
            "tags_all": {
              "Name": "rentsite-public-subnet"
            },
            "timeouts": null,
            "vpc_id": "vpc-06987afd77a7b98be"
          },
          "sensitive_attributes": [],
          "private": "eyJlMmJmYjczMC1lY2FhLTExZTYtOGY4OC0zNDM2M2JjN2M0YzAiOnsiY3JlYXRlIjo2MDAwMDAwMDAwMDAsImRlbGV0ZSI6MTIwMDAwMDAwMDAwMH0sInNjaGVtYV92ZXJzaW9uIjoiMSJ9",
          "dependencies": [
            "module.west.module.db.module.network.aws_vpc.rentsite-vpc",
            "module.west.module.db.module.network.data.aws_availability_zones.available",
            "module.west.module.db.module.network.data.aws_region.current"
          ]
        },
        {
          "index_key": 2,
          "schema_version": 1,
          "attributes": {
            "arn": "arn:aws:ec2:us-west-2:731001383937:subnet/subnet-05d11509ca946d811",
            "assign_ipv6_address_on_creation": false,
            "availability_zone": "us-west-2c",
            "availability_zone_id": "usw2-az3",
            "cidr_block": "10.20.12.0/24",
            "customer_owned_ipv4_pool": "",
            "enable_dns64": false,
            "enable_resource_name_dns_a_record_on_launch": false,
            "enable_resource_name_dns_aaaa_record_on_launch": false,
            "id": "subnet-05d11509ca946d811",
            "ipv6_cidr_block": "",
            "ipv6_cidr_block_association_id": "",
            "ipv6_native": false,
            "map_customer_owned_ip_on_launch": false,
            "map_public_ip_on_launch": true,
            "outpost_arn": "",
            "owner_id": "731001383937",
            "private_dns_hostname_type_on_launch": "ip-name",
            "tags": {
              "Name": "rentsite-public-subnet"
            },
            "tags_all": {
              "Name": "rentsite-public-subnet"
            },
            "timeouts": null,
            "vpc_id": "vpc-06987afd77a7b98be"
          },
          "sensitive_attributes": [],
          "private": "eyJlMmJmYjczMC1lY2FhLTExZTYtOGY4OC0zNDM2M2JjN2M0YzAiOnsiY3JlYXRlIjo2MDAwMDAwMDAwMDAsImRlbGV0ZSI6MTIwMDAwMDAwMDAwMH0sInNjaGVtYV92ZXJzaW9uIjoiMSJ9",
          "dependencies": [
            "module.west.module.db.module.network.aws_vpc.rentsite-vpc",
            "module.west.module.db.module.network.data.aws_availability_zones.available",
            "module.west.module.db.module.network.data.aws_region.current"
          ]
        },
        {
          "index_key": 3,
          "schema_version": 1,
          "attributes": {
            "arn": "arn:aws:ec2:us-west-2:731001383937:subnet/subnet-01f03d381facc7974",
            "assign_ipv6_address_on_creation": false,
            "availability_zone": "us-west-2d",
            "availability_zone_id": "usw2-az4",
            "cidr_block": "10.20.13.0/24",
            "customer_owned_ipv4_pool": "",
            "enable_dns64": false,
            "enable_resource_name_dns_a_record_on_launch": false,
            "enable_resource_name_dns_aaaa_record_on_launch": false,
            "id": "subnet-01f03d381facc7974",
            "ipv6_cidr_block": "",
            "ipv6_cidr_block_association_id": "",
            "ipv6_native": false,
            "map_customer_owned_ip_on_launch": false,
            "map_public_ip_on_launch": true,
            "outpost_arn": "",
            "owner_id": "731001383937",
            "private_dns_hostname_type_on_launch": "ip-name",
            "tags": {
              "Name": "rentsite-public-subnet"
            },
            "tags_all": {
              "Name": "rentsite-public-subnet"
            },
            "timeouts": null,
            "vpc_id": "vpc-06987afd77a7b98be"
          },
          "sensitive_attributes": [],
          "private": "eyJlMmJmYjczMC1lY2FhLTExZTYtOGY4OC0zNDM2M2JjN2M0YzAiOnsiY3JlYXRlIjo2MDAwMDAwMDAwMDAsImRlbGV0ZSI6MTIwMDAwMDAwMDAwMH0sInNjaGVtYV92ZXJzaW9uIjoiMSJ9",
          "dependencies": [
            "module.west.module.db.module.network.aws_vpc.rentsite-vpc",
            "module.west.module.db.module.network.data.aws_availability_zones.available",
            "module.west.module.db.module.network.data.aws_region.current"
          ]
        }
      ]
    },
    {
      "module": "module.west.module.db.module.network",
      "mode": "managed",
      "type": "aws_vpc",
      "name": "rentsite-vpc",
      "provider": "module.west.provider[\"registry.terraform.io/hashicorp/aws\"]",
      "instances": [
        {
          "schema_version": 1,
          "attributes": {
            "arn": "arn:aws:ec2:us-west-2:731001383937:vpc/vpc-06987afd77a7b98be",
            "assign_generated_ipv6_cidr_block": false,
            "cidr_block": "10.20.0.0/16",
            "default_network_acl_id": "acl-02540aca4a8bc6ef5",
            "default_route_table_id": "rtb-061b546dda409c930",
            "default_security_group_id": "sg-0fefadb798c1f67e8",
            "dhcp_options_id": "dopt-23667541",
            "enable_classiclink": false,
            "enable_classiclink_dns_support": false,
            "enable_dns_hostnames": true,
            "enable_dns_support": true,
            "id": "vpc-06987afd77a7b98be",
            "instance_tenancy": "default",
            "ipv4_ipam_pool_id": null,
            "ipv4_netmask_length": null,
            "ipv6_association_id": "",
            "ipv6_cidr_block": "",
            "ipv6_cidr_block_network_border_group": "",
            "ipv6_ipam_pool_id": "",
            "ipv6_netmask_length": 0,
            "main_route_table_id": "rtb-061b546dda409c930",
            "owner_id": "731001383937",
            "tags": {
              "Name": "rentsite-vpc-us-west-2"
            },
            "tags_all": {
              "Name": "rentsite-vpc-us-west-2"
            }
          },
          "sensitive_attributes": [],
          "private": "eyJzY2hlbWFfdmVyc2lvbiI6IjEifQ==",
          "dependencies": [
            "module.west.module.db.module.network.data.aws_region.current"
          ]
        }
      ]
    }
  ]
}
